
Microsoft Visual Studio Solution File, Format Version 12.00
# Visual Studio 15
VisualStudioVersion = 15.0.28307.779
MinimumVisualStudioVersion = 10.0.40219.1
Project("{FAE04EC0-301F-11D3-BF4B-00C04F79EFBC}") = "ProcessorScheduling", "ProcessorScheduling\ProcessorScheduling.csproj", "{410BA3AD-0A3D-45E8-9950-F1A938CD7ABA}"
EndProject
Global
	GlobalSection(SolutionConfigurationPlatforms) = preSolution
		Debug|Any CPU = Debug|Any CPU
		Release|Any CPU = Release|Any CPU
	EndGlobalSection
	GlobalSection(ProjectConfigurationPlatforms) = postSolution
		{410BA3AD-0A3D-45E8-9950-F1A938CD7ABA}.Debug|Any CPU.ActiveCfg = Debug|Any CPU
		{410BA3AD-0A3D-45E8-9950-F1A938CD7ABA}.Debug|Any CPU.Build.0 = Debug|Any CPU
		{410BA3AD-0A3D-45E8-9950-F1A938CD7ABA}.Release|Any CPU.ActiveCfg = Release|Any CPU
		{410BA3AD-0A3D-45E8-9950-F1A938CD7ABA}.Release|Any CPU.Build.0 = Release|Any CPU
	EndGlobalSection
	GlobalSection(SolutionProperties) = preSolution
		HideSolutionNode = FALSE
	EndGlobalSection
	GlobalSection(ExtensibilityGlobals) = postSolution
		SolutionGuid = {DDCA9595-A561-415B-B6D8-62369076F8E9}
	EndGlobalSection
EndGlobal
