
Microsoft Visual Studio Solution File, Format Version 12.00
# Visual Studio Version 16
VisualStudioVersion = 16.0.30104.148
MinimumVisualStudioVersion = 10.0.40219.1
Project("{FAE04EC0-301F-11D3-BF4B-00C04F79EFBC}") = "OsVisualTools", "OsVisualTools\OsVisualTools.csproj", "{448582BE-C499-4C69-8027-440D5BFEC80C}"
EndProject
Global
	GlobalSection(SolutionConfigurationPlatforms) = preSolution
		Debug|Any CPU = Debug|Any CPU
		Release|Any CPU = Release|Any CPU
	EndGlobalSection
	GlobalSection(ProjectConfigurationPlatforms) = postSolution
		{448582BE-C499-4C69-8027-440D5BFEC80C}.Debug|Any CPU.ActiveCfg = Debug|Any CPU
		{448582BE-C499-4C69-8027-440D5BFEC80C}.Debug|Any CPU.Build.0 = Debug|Any CPU
		{448582BE-C499-4C69-8027-440D5BFEC80C}.Release|Any CPU.ActiveCfg = Release|Any CPU
		{448582BE-C499-4C69-8027-440D5BFEC80C}.Release|Any CPU.Build.0 = Release|Any CPU
	EndGlobalSection
	GlobalSection(SolutionProperties) = preSolution
		HideSolutionNode = FALSE
	EndGlobalSection
	GlobalSection(ExtensibilityGlobals) = postSolution
		SolutionGuid = {870152BE-B0C0-410F-93CC-694B0BEF094F}
	EndGlobalSection
EndGlobal
